
Microsoft Visual Studio Solution File, Format Version 12.00
# Visual Studio Version 16
VisualStudioVersion = 16.0.32407.337
MinimumVisualStudioVersion = 10.0.40219.1
Project("{2150E333-8FDC-42A3-9474-1A3956D46DE8}") = "Services", "Services", "{682ECAE7-238F-47BD-AE3F-E2CEB28B114D}"
EndProject
Project("{2150E333-8FDC-42A3-9474-1A3956D46DE8}") = "Catalog", "Catalog", "{8EA97B26-3283-4D15-8468-735DEE8D59AE}"
EndProject
Project("{9A19103F-16F7-4668-BE54-9A1E7A4F7556}") = "CatalogAPI", "Services\Catalog\CatalogAPI\CatalogAPI.csproj", "{243B71BD-60F8-40C8-A5D7-29520D35EE4E}"
EndProject
Project("{E53339B2-1760-4266-BCC7-CA923CBCF16C}") = "docker-compose", "docker-compose.dcproj", "{090EAE9B-60EE-4F65-AD49-6B963DAC0FB7}"
EndProject
Global
	GlobalSection(SolutionConfigurationPlatforms) = preSolution
		Debug|Any CPU = Debug|Any CPU
		Release|Any CPU = Release|Any CPU
	EndGlobalSection
	GlobalSection(ProjectConfigurationPlatforms) = postSolution
		{243B71BD-60F8-40C8-A5D7-29520D35EE4E}.Debug|Any CPU.ActiveCfg = Debug|Any CPU
		{243B71BD-60F8-40C8-A5D7-29520D35EE4E}.Debug|Any CPU.Build.0 = Debug|Any CPU
		{243B71BD-60F8-40C8-A5D7-29520D35EE4E}.Release|Any CPU.ActiveCfg = Release|Any CPU
		{243B71BD-60F8-40C8-A5D7-29520D35EE4E}.Release|Any CPU.Build.0 = Release|Any CPU
		{090EAE9B-60EE-4F65-AD49-6B963DAC0FB7}.Debug|Any CPU.ActiveCfg = Debug|Any CPU
		{090EAE9B-60EE-4F65-AD49-6B963DAC0FB7}.Debug|Any CPU.Build.0 = Debug|Any CPU
		{090EAE9B-60EE-4F65-AD49-6B963DAC0FB7}.Release|Any CPU.ActiveCfg = Release|Any CPU
		{090EAE9B-60EE-4F65-AD49-6B963DAC0FB7}.Release|Any CPU.Build.0 = Release|Any CPU
	EndGlobalSection
	GlobalSection(SolutionProperties) = preSolution
		HideSolutionNode = FALSE
	EndGlobalSection
	GlobalSection(NestedProjects) = preSolution
		{8EA97B26-3283-4D15-8468-735DEE8D59AE} = {682ECAE7-238F-47BD-AE3F-E2CEB28B114D}
		{243B71BD-60F8-40C8-A5D7-29520D35EE4E} = {8EA97B26-3283-4D15-8468-735DEE8D59AE}
	EndGlobalSection
	GlobalSection(ExtensibilityGlobals) = postSolution
		SolutionGuid = {D475909E-96D9-42B3-BD3D-C40B3BB54A2A}
	EndGlobalSection
EndGlobal
